
Microsoft Visual Studio Solution File, Format Version 12.00
# Visual Studio Version 17
VisualStudioVersion = 17.0.31919.166
MinimumVisualStudioVersion = 10.0.40219.1
Project("{9A19103F-16F7-4668-BE54-9A1E7A4F7556}") = "MarketMicroService", "MarketMicroService\MarketMicroService.csproj", "{1AE14C31-0788-4C28-A9EA-2E22C396181C}"
EndProject
Project("{9A19103F-16F7-4668-BE54-9A1E7A4F7556}") = "BasketMicroService", "BasketMicroService\BasketMicroService.csproj", "{9C4AA5FF-E272-400A-A978-2493C2CEDA7A}"
EndProject
Project("{9A19103F-16F7-4668-BE54-9A1E7A4F7556}") = "DiscountMicroService", "DiscountMicroService\DiscountMicroService.csproj", "{64285EF2-3A2B-4DF5-8E7C-3F42F92AB641}"
EndProject
Project("{FAE04EC0-301F-11D3-BF4B-00C04F79EFBC}") = "OrderMicroService", "ORderMIcrsservice\OrderMicroService.csproj", "{EA959143-3D86-4937-8BBE-276E6F40CEE9}"
EndProject
Global
	GlobalSection(SolutionConfigurationPlatforms) = preSolution
		Debug|Any CPU = Debug|Any CPU
		Release|Any CPU = Release|Any CPU
	EndGlobalSection
	GlobalSection(ProjectConfigurationPlatforms) = postSolution
		{1AE14C31-0788-4C28-A9EA-2E22C396181C}.Debug|Any CPU.ActiveCfg = Debug|Any CPU
		{1AE14C31-0788-4C28-A9EA-2E22C396181C}.Debug|Any CPU.Build.0 = Debug|Any CPU
		{1AE14C31-0788-4C28-A9EA-2E22C396181C}.Release|Any CPU.ActiveCfg = Release|Any CPU
		{1AE14C31-0788-4C28-A9EA-2E22C396181C}.Release|Any CPU.Build.0 = Release|Any CPU
		{9C4AA5FF-E272-400A-A978-2493C2CEDA7A}.Debug|Any CPU.ActiveCfg = Debug|Any CPU
		{9C4AA5FF-E272-400A-A978-2493C2CEDA7A}.Debug|Any CPU.Build.0 = Debug|Any CPU
		{9C4AA5FF-E272-400A-A978-2493C2CEDA7A}.Release|Any CPU.ActiveCfg = Release|Any CPU
		{9C4AA5FF-E272-400A-A978-2493C2CEDA7A}.Release|Any CPU.Build.0 = Release|Any CPU
		{64285EF2-3A2B-4DF5-8E7C-3F42F92AB641}.Debug|Any CPU.ActiveCfg = Debug|Any CPU
		{64285EF2-3A2B-4DF5-8E7C-3F42F92AB641}.Debug|Any CPU.Build.0 = Debug|Any CPU
		{64285EF2-3A2B-4DF5-8E7C-3F42F92AB641}.Release|Any CPU.ActiveCfg = Release|Any CPU
		{64285EF2-3A2B-4DF5-8E7C-3F42F92AB641}.Release|Any CPU.Build.0 = Release|Any CPU
		{EA959143-3D86-4937-8BBE-276E6F40CEE9}.Debug|Any CPU.ActiveCfg = Debug|Any CPU
		{EA959143-3D86-4937-8BBE-276E6F40CEE9}.Debug|Any CPU.Build.0 = Debug|Any CPU
		{EA959143-3D86-4937-8BBE-276E6F40CEE9}.Release|Any CPU.ActiveCfg = Release|Any CPU
		{EA959143-3D86-4937-8BBE-276E6F40CEE9}.Release|Any CPU.Build.0 = Release|Any CPU
	EndGlobalSection
	GlobalSection(SolutionProperties) = preSolution
		HideSolutionNode = FALSE
	EndGlobalSection
	GlobalSection(ExtensibilityGlobals) = postSolution
		SolutionGuid = {4C17575E-21B1-46B0-9E59-72FD03734219}
	EndGlobalSection
EndGlobal
